
Microsoft Visual Studio Solution File, Format Version 12.00
# Visual Studio 15
VisualStudioVersion = 15.0.28307.1500
MinimumVisualStudioVersion = 10.0.40219.1
Project("{FAE04EC0-301F-11D3-BF4B-00C04F79EFBC}") = "HHH_MVC_StudenEnrollDemo", "HHH_MVC_StudenEnrollDemo\HHH_MVC_StudenEnrollDemo.csproj", "{8D57389E-DB8A-4D20-B118-DD4CE6849D4A}"
EndProject
Global
	GlobalSection(SolutionConfigurationPlatforms) = preSolution
		Debug|Any CPU = Debug|Any CPU
		Release|Any CPU = Release|Any CPU
	EndGlobalSection
	GlobalSection(ProjectConfigurationPlatforms) = postSolution
		{8D57389E-DB8A-4D20-B118-DD4CE6849D4A}.Debug|Any CPU.ActiveCfg = Debug|Any CPU
		{8D57389E-DB8A-4D20-B118-DD4CE6849D4A}.Debug|Any CPU.Build.0 = Debug|Any CPU
		{8D57389E-DB8A-4D20-B118-DD4CE6849D4A}.Release|Any CPU.ActiveCfg = Release|Any CPU
		{8D57389E-DB8A-4D20-B118-DD4CE6849D4A}.Release|Any CPU.Build.0 = Release|Any CPU
	EndGlobalSection
	GlobalSection(SolutionProperties) = preSolution
		HideSolutionNode = FALSE
	EndGlobalSection
	GlobalSection(ExtensibilityGlobals) = postSolution
		SolutionGuid = {7FF6FCDA-8DC5-400A-8317-7038583CC360}
	EndGlobalSection
EndGlobal
